
Microsoft Visual Studio Solution File, Format Version 12.00
# Visual Studio Version 17
VisualStudioVersion = 17.0.31903.59
MinimumVisualStudioVersion = 10.0.40219.1
Project("{FAE04EC0-301F-11D3-BF4B-00C04F79EFBC}") = "Collatz problem-c_sharp", "Collatz problem-c_sharp\Collatz problem-c_sharp.csproj", "{D28D9763-ABC4-4C2F-ADEE-68A872AC2172}"
EndProject
Global
	GlobalSection(SolutionConfigurationPlatforms) = preSolution
		Debug|Any CPU = Debug|Any CPU
		Release|Any CPU = Release|Any CPU
	EndGlobalSection
	GlobalSection(SolutionProperties) = preSolution
		HideSolutionNode = FALSE
	EndGlobalSection
	GlobalSection(ProjectConfigurationPlatforms) = postSolution
		{D28D9763-ABC4-4C2F-ADEE-68A872AC2172}.Debug|Any CPU.ActiveCfg = Debug|Any CPU
		{D28D9763-ABC4-4C2F-ADEE-68A872AC2172}.Debug|Any CPU.Build.0 = Debug|Any CPU
		{D28D9763-ABC4-4C2F-ADEE-68A872AC2172}.Release|Any CPU.ActiveCfg = Release|Any CPU
		{D28D9763-ABC4-4C2F-ADEE-68A872AC2172}.Release|Any CPU.Build.0 = Release|Any CPU
	EndGlobalSection
EndGlobal
